
Microsoft Visual Studio Solution File, Format Version 12.00
# Visual Studio Version 16
VisualStudioVersion = 16.0.29411.108
MinimumVisualStudioVersion = 10.0.40219.1
Project("{9A19103F-16F7-4668-BE54-9A1E7A4F7556}") = "MVC", "MVC\MVC.csproj", "{2E8D1F82-6421-48D2-A604-98517BAAFCF0}"
EndProject
Project("{9A19103F-16F7-4668-BE54-9A1E7A4F7556}") = "DAL", "DAL\DAL.csproj", "{931453AC-5B00-4447-BEE5-163939625507}"
EndProject
Project("{9A19103F-16F7-4668-BE54-9A1E7A4F7556}") = "BLL", "BLL\BLL.csproj", "{E606A8B4-4B47-4DE2-8F51-D223A79D428B}"
EndProject
Project("{FAE04EC0-301F-11D3-BF4B-00C04F79EFBC}") = "PL", "PL\PL.csproj", "{1CD52B8D-8BDB-47E4-8C81-3CB8773C3772}"
EndProject
Global
	GlobalSection(SolutionConfigurationPlatforms) = preSolution
		Debug|Any CPU = Debug|Any CPU
		Release|Any CPU = Release|Any CPU
	EndGlobalSection
	GlobalSection(ProjectConfigurationPlatforms) = postSolution
		{2E8D1F82-6421-48D2-A604-98517BAAFCF0}.Debug|Any CPU.ActiveCfg = Debug|Any CPU
		{2E8D1F82-6421-48D2-A604-98517BAAFCF0}.Debug|Any CPU.Build.0 = Debug|Any CPU
		{2E8D1F82-6421-48D2-A604-98517BAAFCF0}.Release|Any CPU.ActiveCfg = Release|Any CPU
		{2E8D1F82-6421-48D2-A604-98517BAAFCF0}.Release|Any CPU.Build.0 = Release|Any CPU
		{931453AC-5B00-4447-BEE5-163939625507}.Debug|Any CPU.ActiveCfg = Debug|Any CPU
		{931453AC-5B00-4447-BEE5-163939625507}.Debug|Any CPU.Build.0 = Debug|Any CPU
		{931453AC-5B00-4447-BEE5-163939625507}.Release|Any CPU.ActiveCfg = Release|Any CPU
		{931453AC-5B00-4447-BEE5-163939625507}.Release|Any CPU.Build.0 = Release|Any CPU
		{E606A8B4-4B47-4DE2-8F51-D223A79D428B}.Debug|Any CPU.ActiveCfg = Debug|Any CPU
		{E606A8B4-4B47-4DE2-8F51-D223A79D428B}.Debug|Any CPU.Build.0 = Debug|Any CPU
		{E606A8B4-4B47-4DE2-8F51-D223A79D428B}.Release|Any CPU.ActiveCfg = Release|Any CPU
		{E606A8B4-4B47-4DE2-8F51-D223A79D428B}.Release|Any CPU.Build.0 = Release|Any CPU
		{1CD52B8D-8BDB-47E4-8C81-3CB8773C3772}.Debug|Any CPU.ActiveCfg = Debug|Any CPU
		{1CD52B8D-8BDB-47E4-8C81-3CB8773C3772}.Debug|Any CPU.Build.0 = Debug|Any CPU
		{1CD52B8D-8BDB-47E4-8C81-3CB8773C3772}.Release|Any CPU.ActiveCfg = Release|Any CPU
		{1CD52B8D-8BDB-47E4-8C81-3CB8773C3772}.Release|Any CPU.Build.0 = Release|Any CPU
	EndGlobalSection
	GlobalSection(SolutionProperties) = preSolution
		HideSolutionNode = FALSE
	EndGlobalSection
	GlobalSection(ExtensibilityGlobals) = postSolution
		SolutionGuid = {61A7B3B5-C0B6-4300-B74C-1878C00232DA}
	EndGlobalSection
EndGlobal
